// !$*UTF8*$!
{
	archiveVersion = 1;
	classes = {
	};
	objectVersion = 46;
	objects = {

/* Begin PBXBuildFile section */
		3C0973551E262124002AB6CE /* main.m in Sources */ = {isa = PBXBuildFile; fileRef = 3C0973541E262124002AB6CE /* main.m */; };
		3C0973581E262124002AB6CE /* AppDelegate.m in Sources */ = {isa = PBXBuildFile; fileRef = 3C0973571E262124002AB6CE /* AppDelegate.m */; };
		3C09735B1E262124002AB6CE /* ViewController.m in Sources */ = {isa = PBXBuildFile; fileRef = 3C09735A1E262124002AB6CE /* ViewController.m */; };
		3C09735E1E262124002AB6CE /* Main.storyboard in Resources */ = {isa = PBXBuildFile; fileRef = 3C09735C1E262124002AB6CE /* Main.storyboard */; };
		3C0973601E262124002AB6CE /* Assets.xcassets in Resources */ = {isa = PBXBuildFile; fileRef = 3C09735F1E262124002AB6CE /* Assets.xcassets */; };
		3C0973631E262124002AB6CE /* LaunchScreen.storyboard in Resources */ = {isa = PBXBuildFile; fileRef = 3C0973611E262124002AB6CE /* LaunchScreen.storyboard */; };
		3C09736E1E262124002AB6CE /* wavesDemoTests.m in Sources */ = {isa = PBXBuildFile; fileRef = 3C09736D1E262124002AB6CE /* wavesDemoTests.m */; };
		3C0973791E262124002AB6CE /* wavesDemoUITests.m in Sources */ = {isa = PBXBuildFile; fileRef = 3C0973781E262124002AB6CE /* wavesDemoUITests.m */; };
		3C19D2151F4BDCBE00310892 /* YYWaveView.m in Sources */ = {isa = PBXBuildFile; fileRef = 3C19D2141F4BDCBE00310892 /* YYWaveView.m */; };
		3CE4AD381E2903E200CA4F43 /* BezierPathViewController.m in Sources */ = {isa = PBXBuildFile; fileRef = 3CE4AD371E2903E200CA4F43 /* BezierPathViewController.m */; };
/* End PBXBuildFile section */

/* Begin PBXContainerItemProxy section */
		3C09736A1E262124002AB6CE /* PBXContainerItemProxy */ = {
			isa = PBXContainerItemProxy;
			containerPortal = 3C0973481E262124002AB6CE /* Project object */;
			proxyType = 1;
			remoteGlobalIDString = 3C09734F1E262124002AB6CE;
			remoteInfo = wavesDemo;
		};
		3C0973751E262124002AB6CE /* PBXContainerItemProxy */ = {
			isa = PBXContainerItemProxy;
			containerPortal = 3C0973481E262124002AB6CE /* Project object */;
			proxyType = 1;
			remoteGlobalIDString = 3C09734F1E262124002AB6CE;
			remoteInfo = wavesDemo;
		};
/* End PBXContainerItemProxy section */

/* Begin PBXFileReference section */
		3C0973501E262124002AB6CE /* wavesDemo.app */ = {isa = PBXFileReference; explicitFileType = wrapper.application; includeInIndex = 0; path = wavesDemo.app; sourceTree = BUILT_PRODUCTS_DIR; };
		3C0973541E262124002AB6CE /* main.m */ = {isa = PBXFileReference; lastKnownFileType = sourcecode.c.objc; path = main.m; sourceTree = "<group>"; };
		3C0973561E262124002AB6CE /* AppDelegate.h */ = {isa = PBXFileReference; lastKnownFileType = sourcecode.c.h; path = AppDelegate.h; sourceTree = "<group>"; };
		3C0973571E262124002AB6CE /* AppDelegate.m */ = {isa = PBXFileReference; lastKnownFileType = sourcecode.c.objc; path = AppDelegate.m; sourceTree = "<group>"; };
		3C0973591E262124002AB6CE /* ViewController.h */ = {isa = PBXFileReference; lastKnownFileType = sourcecode.c.h; path = ViewController.h; sourceTree = "<group>"; };
		3C09735A1E262124002AB6CE /* ViewController.m */ = {isa = PBXFileReference; lastKnownFileType = sourcecode.c.objc; path = ViewController.m; sourceTree = "<group>"; };
		3C09735D1E262124002AB6CE /* Base */ = {isa = PBXFileReference; lastKnownFileType = file.storyboard; name = Base; path = Base.lproj/Main.storyboard; sourceTree = "<group>"; };
		3C09735F1E262124002AB6CE /* Assets.xcassets */ = {isa = PBXFileReference; lastKnownFileType = folder.assetcatalog; path = Assets.xcassets; sourceTree = "<group>"; };
		3C0973621E262124002AB6CE /* Base */ = {isa = PBXFileReference; lastKnownFileType = file.storyboard; name = Base; path = Base.lproj/LaunchScreen.storyboard; sourceTree = "<group>"; };
		3C0973641E262124002AB6CE /* Info.plist */ = {isa = PBXFileReference; lastKnownFileType = text.plist.xml; path = Info.plist; sourceTree = "<group>"; };
		3C0973691E262124002AB6CE /* wavesDemoTests.xctest */ = {isa = PBXFileReference; explicitFileType = wrapper.cfbundle; includeInIndex = 0; path = wavesDemoTests.xctest; sourceTree = BUILT_PRODUCTS_DIR; };
		3C09736D1E262124002AB6CE /* wavesDemoTests.m */ = {isa = PBXFileReference; lastKnownFileType = sourcecode.c.objc; path = wavesDemoTests.m; sourceTree = "<group>"; };
		3C09736F1E262124002AB6CE /* Info.plist */ = {isa = PBXFileReference; lastKnownFileType = text.plist.xml; path = Info.plist; sourceTree = "<group>"; };
		3C0973741E262124002AB6CE /* wavesDemoUITests.xctest */ = {isa = PBXFileReference; explicitFileType = wrapper.cfbundle; includeInIndex = 0; path = wavesDemoUITests.xctest; sourceTree = BUILT_PRODUCTS_DIR; };
		3C0973781E262124002AB6CE /* wavesDemoUITests.m */ = {isa = PBXFileReference; lastKnownFileType = sourcecode.c.objc; path = wavesDemoUITests.m; sourceTree = "<group>"; };
		3C09737A1E262124002AB6CE /* Info.plist */ = {isa = PBXFileReference; lastKnownFileType = text.plist.xml; path = Info.plist; sourceTree = "<group>"; };
		3C19D2131F4BDCBE00310892 /* YYWaveView.h */ = {isa = PBXFileReference; fileEncoding = 4; lastKnownFileType = sourcecode.c.h; path = YYWaveView.h; sourceTree = "<group>"; };
		3C19D2141F4BDCBE00310892 /* YYWaveView.m */ = {isa = PBXFileReference; fileEncoding = 4; lastKnownFileType = sourcecode.c.objc; path = YYWaveView.m; sourceTree = "<group>"; };
		3CE4AD361E2903E200CA4F43 /* BezierPathViewController.h */ = {isa = PBXFileReference; fileEncoding = 4; lastKnownFileType = sourcecode.c.h; path = BezierPathViewController.h; sourceTree = "<group>"; };
		3CE4AD371E2903E200CA4F43 /* BezierPathViewController.m */ = {isa = PBXFileReference; fileEncoding = 4; lastKnownFileType = sourcecode.c.objc; path = BezierPathViewController.m; sourceTree = "<group>"; };
/* End PBXFileReference section */

/* Begin PBXFrameworksBuildPhase section */
		3C09734D1E262124002AB6CE /* Frameworks */ = {
			isa = PBXFrameworksBuildPhase;
			buildActionMask = 2147483647;
			files = (
			);
			runOnlyForDeploymentPostprocessing = 0;
		};
		3C0973661E262124002AB6CE /* Frameworks */ = {
			isa = PBXFrameworksBuildPhase;
			buildActionMask = 2147483647;
			files = (
			);
			runOnlyForDeploymentPostprocessing = 0;
		};
		3C0973711E262124002AB6CE /* Frameworks */ = {
			isa = PBXFrameworksBuildPhase;
			buildActionMask = 2147483647;
			files = (
			);
			runOnlyForDeploymentPostprocessing = 0;
		};
/* End PBXFrameworksBuildPhase section */

/* Begin PBXGroup section */
		3C0973471E262124002AB6CE = {
			isa = PBXGroup;
			children = (
				3C0973521E262124002AB6CE /* wavesDemo */,
				3C09736C1E262124002AB6CE /* wavesDemoTests */,
				3C0973771E262124002AB6CE /* wavesDemoUITests */,
				3C0973511E262124002AB6CE /* Products */,
			);
			sourceTree = "<group>";
		};
		3C0973511E262124002AB6CE /* Products */ = {
			isa = PBXGroup;
			children = (
				3C0973501E262124002AB6CE /* wavesDemo.app */,
				3C0973691E262124002AB6CE /* wavesDemoTests.xctest */,
				3C0973741E262124002AB6CE /* wavesDemoUITests.xctest */,
			);
			name = Products;
			sourceTree = "<group>";
		};
		3C0973521E262124002AB6CE /* wavesDemo */ = {
			isa = PBXGroup;
			children = (
				3C0973561E262124002AB6CE /* AppDelegate.h */,
				3C0973571E262124002AB6CE /* AppDelegate.m */,
				3C0973591E262124002AB6CE /* ViewController.h */,
				3C09735A1E262124002AB6CE /* ViewController.m */,
				3CE4AD361E2903E200CA4F43 /* BezierPathViewController.h */,
				3CE4AD371E2903E200CA4F43 /* BezierPathViewController.m */,
				3C19D2131F4BDCBE00310892 /* YYWaveView.h */,
				3C19D2141F4BDCBE00310892 /* YYWaveView.m */,
				3C09735C1E262124002AB6CE /* Main.storyboard */,
				3C09735F1E262124002AB6CE /* Assets.xcassets */,
				3C0973611E262124002AB6CE /* LaunchScreen.storyboard */,
				3C0973641E262124002AB6CE /* Info.plist */,
				3C0973531E262124002AB6CE /* Supporting Files */,
			);
			path = wavesDemo;
			sourceTree = "<group>";
		};
		3C0973531E262124002AB6CE /* Supporting Files */ = {
			isa = PBXGroup;
			children = (
				3C0973541E262124002AB6CE /* main.m */,
			);
			name = "Supporting Files";
			sourceTree = "<group>";
		};
		3C09736C1E262124002AB6CE /* wavesDemoTests */ = {
			isa = PBXGroup;
			children = (
				3C09736D1E262124002AB6CE /* wavesDemoTests.m */,
				3C09736F1E262124002AB6CE /* Info.plist */,
			);
			path = wavesDemoTests;
			sourceTree = "<group>";
		};
		3C0973771E262124002AB6CE /* wavesDemoUITests */ = {
			isa = PBXGroup;
			children = (
				3C0973781E262124002AB6CE /* wavesDemoUITests.m */,
				3C09737A1E262124002AB6CE /* Info.plist */,
			);
			path = wavesDemoUITests;
			sourceTree = "<group>";
		};
/* End PBXGroup section */

/* Begin PBXNativeTarget section */
		3C09734F1E262124002AB6CE /* wavesDemo */ = {
			isa = PBXNativeTarget;
			buildConfigurationList = 3C09737D1E262124002AB6CE /* Build configuration list for PBXNativeTarget "wavesDemo" */;
			buildPhases = (
				3C09734C1E262124002AB6CE /* Sources */,
				3C09734D1E262124002AB6CE /* Frameworks */,
				3C09734E1E262124002AB6CE /* Resources */,
			);
			buildRules = (
			);
			dependencies = (
			);
			name = wavesDemo;
			productName = wavesDemo;
			productReference = 3C0973501E262124002AB6CE /* wavesDemo.app */;
			productType = "com.apple.product-type.application";
		};
		3C0973681E262124002AB6CE /* wavesDemoTests */ = {
			isa = PBXNativeTarget;
			buildConfigurationList = 3C0973801E262124002AB6CE /* Build configuration list for PBXNativeTarget "wavesDemoTests" */;
			buildPhases = (
				3C0973651E262124002AB6CE /* Sources */,
				3C0973661E262124002AB6CE /* Frameworks */,
				3C0973671E262124002AB6CE /* Resources */,
			);
			buildRules = (
			);
			dependencies = (
				3C09736B1E262124002AB6CE /* PBXTargetDependency */,
			);
			name = wavesDemoTests;
			productName = wavesDemoTests;
			productReference = 3C0973691E262124002AB6CE /* wavesDemoTests.xctest */;
			productType = "com.apple.product-type.bundle.unit-test";
		};
		3C0973731E262124002AB6CE /* wavesDemoUITests */ = {
			isa = PBXNativeTarget;
			buildConfigurationList = 3C0973831E262124002AB6CE /* Build configuration list for PBXNativeTarget "wavesDemoUITests" */;
			buildPhases = (
				3C0973701E262124002AB6CE /* Sources */,
				3C0973711E262124002AB6CE /* Frameworks */,
				3C0973721E262124002AB6CE /* Resources */,
			);
			buildRules = (
			);
			dependencies = (
				3C0973761E262124002AB6CE /* PBXTargetDependency */,
			);
			name = wavesDemoUITests;
			productName = wavesDemoUITests;
			productReference = 3C0973741E262124002AB6CE /* wavesDemoUITests.xctest */;
			productType = "com.apple.product-type.bundle.ui-testing";
		};
/* End PBXNativeTarget section */

/* Begin PBXProject section */
		3C0973481E262124002AB6CE /* Project object */ = {
			isa = PBXProject;
			attributes = {
				LastUpgradeCheck = 0820;
				ORGANIZATIONNAME = "董知樾";
				TargetAttributes = {
					3C09734F1E262124002AB6CE = {
						CreatedOnToolsVersion = 8.2.1;
						ProvisioningStyle = Automatic;
					};
					3C0973681E262124002AB6CE = {
						CreatedOnToolsVersion = 8.2.1;
						ProvisioningStyle = Automatic;
						TestTargetID = 3C09734F1E262124002AB6CE;
					};
					3C0973731E262124002AB6CE = {
						CreatedOnToolsVersion = 8.2.1;
						ProvisioningStyle = Automatic;
						TestTargetID = 3C09734F1E262124002AB6CE;
					};
				};
			};
			buildConfigurationList = 3C09734B1E262124002AB6CE /* Build configuration list for PBXProject "wavesDemo" */;
			compatibilityVersion = "Xcode 3.2";
			developmentRegion = English;
			hasScannedForEncodings = 0;
			knownRegions = (
				en,
				Base,
			);
			mainGroup = 3C0973471E262124002AB6CE;
			productRefGroup = 3C0973511E262124002AB6CE /* Products */;
			projectDirPath = "";
			projectRoot = "";
			targets = (
				3C09734F1E262124002AB6CE /* wavesDemo */,
				3C0973681E262124002AB6CE /* wavesDemoTests */,
				3C0973731E262124002AB6CE /* wavesDemoUITests */,
			);
		};
/* End PBXProject section */

/* Begin PBXResourcesBuildPhase section */
		3C09734E1E262124002AB6CE /* Resources */ = {
			isa = PBXResourcesBuildPhase;
			buildActionMask = 2147483647;
			files = (
				3C0973631E262124002AB6CE /* LaunchScreen.storyboard in Resources */,
				3C0973601E262124002AB6CE /* Assets.xcassets in Resources */,
				3C09735E1E262124002AB6CE /* Main.storyboard in Resources */,
			);
			runOnlyForDeploymentPostprocessing = 0;
		};
		3C0973671E262124002AB6CE /* Resources */ = {
			isa = PBXResourcesBuildPhase;
			buildActionMask = 2147483647;
			files = (
			);
			runOnlyForDeploymentPostprocessing = 0;
		};
		3C0973721E262124002AB6CE /* Resources */ = {
			isa = PBXResourcesBuildPhase;
			buildActionMask = 2147483647;
			files = (
			);
			runOnlyForDeploymentPostprocessing = 0;
		};
/* End PBXResourcesBuildPhase section */

/* Begin PBXSourcesBuildPhase section */
		3C09734C1E262124002AB6CE /* Sources */ = {
			isa = PBXSourcesBuildPhase;
			buildActionMask = 2147483647;
			files = (
				3C09735B1E262124002AB6CE /* ViewController.m in Sources */,
				3C19D2151F4BDCBE00310892 /* YYWaveView.m in Sources */,
				3C0973581E262124002AB6CE /* AppDelegate.m in Sources */,
				3CE4AD381E2903E200CA4F43 /* BezierPathViewController.m in Sources */,
				3C0973551E262124002AB6CE /* main.m in Sources */,
			);
			runOnlyForDeploymentPostprocessing = 0;
		};
		3C0973651E262124002AB6CE /* Sources */ = {
			isa = PBXSourcesBuildPhase;
			buildActionMask = 2147483647;
			files = (
				3C09736E1E262124002AB6CE /* wavesDemoTests.m in Sources */,
			);
			runOnlyForDeploymentPostprocessing = 0;
		};
		3C0973701E262124002AB6CE /* Sources */ = {
			isa = PBXSourcesBuildPhase;
			buildActionMask = 2147483647;
			files = (
				3C0973791E262124002AB6CE /* wavesDemoUITests.m in Sources */,
			);
			runOnlyForDeploymentPostprocessing = 0;
		};
/* End PBXSourcesBuildPhase section */

/* Begin PBXTargetDependency section */
		3C09736B1E262124002AB6CE /* PBXTargetDependency */ = {
			isa = PBXTargetDependency;
			target = 3C09734F1E262124002AB6CE /* wavesDemo */;
			targetProxy = 3C09736A1E262124002AB6CE /* PBXContainerItemProxy */;
		};
		3C0973761E262124002AB6CE /* PBXTargetDependency */ = {
			isa = PBXTargetDependency;
			target = 3C09734F1E262124002AB6CE /* wavesDemo */;
			targetProxy = 3C0973751E262124002AB6CE /* PBXContainerItemProxy */;
		};
/* End PBXTargetDependency section */

/* Begin PBXVariantGroup section */
		3C09735C1E262124002AB6CE /* Main.storyboard */ = {
			isa = PBXVariantGroup;
			children = (
				3C09735D1E262124002AB6CE /* Base */,
			);
			name = Main.storyboard;
			sourceTree = "<group>";
		};
		3C0973611E262124002AB6CE /* LaunchScreen.storyboard */ = {
			isa = PBXVariantGroup;
			children = (
				3C0973621E262124002AB6CE /* Base */,
			);
			name = LaunchScreen.storyboard;
			sourceTree = "<group>";
		};
/* End PBXVariantGroup section */

/* Begin XCBuildConfiguration section */
		3C09737B1E262124002AB6CE /* Debug */ = {
			isa = XCBuildConfiguration;
			buildSettings = {
				ALWAYS_SEARCH_USER_PATHS = NO;
				CLANG_ANALYZER_NONNULL = YES;
				CLANG_CXX_LANGUAGE_STANDARD = "gnu++0x";
				CLANG_CXX_LIBRARY = "libc++";
				CLANG_ENABLE_MODULES = YES;
				CLANG_ENABLE_OBJC_ARC = YES;
				CLANG_WARN_BOOL_CONVERSION = YES;
				CLANG_WARN_CONSTANT_CONVERSION = YES;
				CLANG_WARN_DIRECT_OBJC_ISA_USAGE = YES_ERROR;
				CLANG_WARN_DOCUMENTATION_COMMENTS = YES;
				CLANG_WARN_EMPTY_BODY = YES;
				CLANG_WARN_ENUM_CONVERSION = YES;
				CLANG_WARN_INFINITE_RECURSION = YES;
				CLANG_WARN_INT_CONVERSION = YES;
				CLANG_WARN_OBJC_ROOT_CLASS = YES_ERROR;
				CLANG_WARN_SUSPICIOUS_MOVE = YES;
				CLANG_WARN_UNREACHABLE_CODE = YES;
				CLANG_WARN__DUPLICATE_METHOD_MATCH = YES;
				"CODE_SIGN_IDENTITY[sdk=iphoneos*]" = "iPhone Developer";
				COPY_PHASE_STRIP = NO;
				DEBUG_INFORMATION_FORMAT = dwarf;
				ENABLE_STRICT_OBJC_MSGSEND = YES;
				ENABLE_TESTABILITY = YES;
				GCC_C_LANGUAGE_STANDARD = gnu99;
				GCC_DYNAMIC_NO_PIC = NO;
				GCC_NO_COMMON_BLOCKS = YES;
				GCC_OPTIMIZATION_LEVEL = 0;
				GCC_PREPROCESSOR_DEFINITIONS = (
					"DEBUG=1",
					"$(inherited)",
				);
				GCC_WARN_64_TO_32_BIT_CONVERSION = YES;
				GCC_WARN_ABOUT_RETURN_TYPE = YES_ERROR;
				GCC_WARN_UNDECLARED_SELECTOR = YES;
				GCC_WARN_UNINITIALIZED_AUTOS = YES_AGGRESSIVE;
				GCC_WARN_UNUSED_FUNCTION = YES;
				GCC_WARN_UNUSED_VARIABLE = YES;
				IPHONEOS_DEPLOYMENT_TARGET = 10.2;
				MTL_ENABLE_DEBUG_INFO = YES;
				ONLY_ACTIVE_ARCH = YES;
				SDKROOT = iphoneos;
				TARGETED_DEVICE_FAMILY = "1,2";
			};
			name = Debug;
		};
		3C09737C1E262124002AB6CE /* Release */ = {
			isa = XCBuildConfiguration;
			buildSettings = {
				ALWAYS_SEARCH_USER_PATHS = NO;
				CLANG_ANALYZER_NONNULL = YES;
				CLANG_CXX_LANGUAGE_STANDARD = "gnu++0x";
				CLANG_CXX_LIBRARY = "libc++";
				CLANG_ENABLE_MODULES = YES;
				CLANG_ENABLE_OBJC_ARC = YES;
				CLANG_WARN_BOOL_CONVERSION = YES;
				CLANG_WARN_CONSTANT_CONVERSION = YES;
				CLANG_WARN_DIRECT_OBJC_ISA_USAGE = YES_ERROR;
				CLANG_WARN_DOCUMENTATION_COMMENTS = YES;
				CLANG_WARN_EMPTY_BODY = YES;
				CLANG_WARN_ENUM_CONVERSION = YES;
				CLANG_WARN_INFINITE_RECURSION = YES;
				CLANG_WARN_INT_CONVERSION = YES;
				CLANG_WARN_OBJC_ROOT_CLASS = YES_ERROR;
				CLANG_WARN_SUSPICIOUS_MOVE = YES;
				CLANG_WARN_UNREACHABLE_CODE = YES;
				CLANG_WARN__DUPLICATE_METHOD_MATCH = YES;
				"CODE_SIGN_IDENTITY[sdk=iphoneos*]" = "iPhone Developer";
				COPY_PHASE_STRIP = NO;
				DEBUG_INFORMATION_FORMAT = "dwarf-with-dsym";
				ENABLE_NS_ASSERTIONS = NO;
				ENABLE_STRICT_OBJC_MSGSEND = YES;
				GCC_C_LANGUAGE_STANDARD = gnu99;
				GCC_NO_COMMON_BLOCKS = YES;
				GCC_WARN_64_TO_32_BIT_CONVERSION = YES;
				GCC_WARN_ABOUT_RETURN_TYPE = YES_ERROR;
				GCC_WARN_UNDECLARED_SELECTOR = YES;
				GCC_WARN_UNINITIALIZED_AUTOS = YES_AGGRESSIVE;
				GCC_WARN_UNUSED_FUNCTION = YES;
				GCC_WARN_UNUSED_VARIABLE = YES;
				IPHONEOS_DEPLOYMENT_TARGET = 10.2;
				MTL_ENABLE_DEBUG_INFO = NO;
				SDKROOT = iphoneos;
				TARGETED_DEVICE_FAMILY = "1,2";
				VALIDATE_PRODUCT = YES;
			};
			name = Release;
		};
		3C09737E1E262124002AB6CE /* Debug */ = {
			isa = XCBuildConfiguration;
			buildSettings = {
				ASSETCATALOG_COMPILER_APPICON_NAME = AppIcon;
				INFOPLIST_FILE = wavesDemo/Info.plist;
				LD_RUNPATH_SEARCH_PATHS = "$(inherited) @executable_path/Frameworks";
				PRODUCT_BUNDLE_IDENTIFIER = com.yue.wavesDemo;
				PRODUCT_NAME = "$(TARGET_NAME)";
			};
			name = Debug;
		};
		3C09737F1E262124002AB6CE /* Release */ = {
			isa = XCBuildConfiguration;
			buildSettings = {
				ASSETCATALOG_COMPILER_APPICON_NAME = AppIcon;
				INFOPLIST_FILE = wavesDemo/Info.plist;
				LD_RUNPATH_SEARCH_PATHS = "$(inherited) @executable_path/Frameworks";
				PRODUCT_BUNDLE_IDENTIFIER = com.yue.wavesDemo;
				PRODUCT_NAME = "$(TARGET_NAME)";
			};
			name = Release;
		};
		3C0973811E262124002AB6CE /* Debug */ = {
			isa = XCBuildConfiguration;
			buildSettings = {
				BUNDLE_LOADER = "$(TEST_HOST)";
				INFOPLIST_FILE = wavesDemoTests/Info.plist;
				LD_RUNPATH_SEARCH_PATHS = "$(inherited) @executable_path/Frameworks @loader_path/Frameworks";
				PRODUCT_BUNDLE_IDENTIFIER = com.yue.wavesDemoTests;
				PRODUCT_NAME = "$(TARGET_NAME)";
				TEST_HOST = "$(BUILT_PRODUCTS_DIR)/wavesDemo.app/wavesDemo";
			};
			name = Debug;
		};
		3C0973821E262124002AB6CE /* Release */ = {
			isa = XCBuildConfiguration;
			buildSettings = {
				BUNDLE_LOADER = "$(TEST_HOST)";
				INFOPLIST_FILE = wavesDemoTests/Info.plist;
				LD_RUNPATH_SEARCH_PATHS = "$(inherited) @executable_path/Frameworks @loader_path/Frameworks";
				PRODUCT_BUNDLE_IDENTIFIER = com.yue.wavesDemoTests;
				PRODUCT_NAME = "$(TARGET_NAME)";
				TEST_HOST = "$(BUILT_PRODUCTS_DIR)/wavesDemo.app/wavesDemo";
			};
			name = Release;
		};
		3C0973841E262124002AB6CE /* Debug */ = {
			isa = XCBuildConfiguration;
			buildSettings = {
				INFOPLIST_FILE = wavesDemoUITests/Info.plist;
				LD_RUNPATH_SEARCH_PATHS = "$(inherited) @executable_path/Frameworks @loader_path/Frameworks";
				PRODUCT_BUNDLE_IDENTIFIER = com.yue.wavesDemoUITests;
				PRODUCT_NAME = "$(TARGET_NAME)";
				TEST_TARGET_NAME = wavesDemo;
			};
			name = Debug;
		};
		3C0973851E262124002AB6CE /* Release */ = {
			isa = XCBuildConfiguration;
			buildSettings = {
				INFOPLIST_FILE = wavesDemoUITests/Info.plist;
				LD_RUNPATH_SEARCH_PATHS = "$(inherited) @executable_path/Frameworks @loader_path/Frameworks";
				PRODUCT_BUNDLE_IDENTIFIER = com.yue.wavesDemoUITests;
				PRODUCT_NAME = "$(TARGET_NAME)";
				TEST_TARGET_NAME = wavesDemo;
			};
			name = Release;
		};
/* End XCBuildConfiguration section */

/* Begin XCConfigurationList section */
		3C09734B1E262124002AB6CE /* Build configuration list for PBXProject "wavesDemo" */ = {
			isa = XCConfigurationList;
			buildConfigurations = (
				3C09737B1E262124002AB6CE /* Debug */,
				3C09737C1E262124002AB6CE /* Release */,
			);
			defaultConfigurationIsVisible = 0;
			defaultConfigurationName = Release;
		};
		3C09737D1E262124002AB6CE /* Build configuration list for PBXNativeTarget "wavesDemo" */ = {
			isa = XCConfigurationList;
			buildConfigurations = (
				3C09737E1E262124002AB6CE /* Debug */,
				3C09737F1E262124002AB6CE /* Release */,
			);
			defaultConfigurationIsVisible = 0;
			defaultConfigurationName = Release;
		};
		3C0973801E262124002AB6CE /* Build configuration list for PBXNativeTarget "wavesDemoTests" */ = {
			isa = XCConfigurationList;
			buildConfigurations = (
				3C0973811E262124002AB6CE /* Debug */,
				3C0973821E262124002AB6CE /* Release */,
			);
			defaultConfigurationIsVisible = 0;
			defaultConfigurationName = Release;
		};
		3C0973831E262124002AB6CE /* Build configuration list for PBXNativeTarget "wavesDemoUITests" */ = {
			isa = XCConfigurationList;
			buildConfigurations = (
				3C0973841E262124002AB6CE /* Debug */,
				3C0973851E262124002AB6CE /* Release */,
			);
			defaultConfigurationIsVisible = 0;
			defaultConfigurationName = Release;
		};
/* End XCConfigurationList section */
	};
	rootObject = 3C0973481E262124002AB6CE /* Project object */;
}
